// !$*UTF8*$!
{
	archiveVersion = 1;
	classes = {
	};
	objectVersion = 77;
	objects = {

/* Begin PBXContainerItemProxy section */
		DA8670602DD808C400AFBE84 /* PBXContainerItemProxy */ = {
			isa = PBXContainerItemProxy;
			containerPortal = DA86704A2DD808C200AFBE84 /* Project object */;
			proxyType = 1;
			remoteGlobalIDString = DA8670512DD808C200AFBE84;
			remoteInfo = StreamChatDemo;
		};
		DA86706A2DD808C400AFBE84 /* PBXContainerItemProxy */ = {
			isa = PBXContainerItemProxy;
			containerPortal = DA86704A2DD808C200AFBE84 /* Project object */;
			proxyType = 1;
			remoteGlobalIDString = DA8670512DD808C200AFBE84;
			remoteInfo = StreamChatDemo;
		};
/* End PBXContainerItemProxy section */

/* Begin PBXFileReference section */
		DA8670522DD808C200AFBE84 /* StreamChatDemo.app */ = {isa = PBXFileReference; explicitFileType = wrapper.application; includeInIndex = 0; path = StreamChatDemo.app; sourceTree = BUILT_PRODUCTS_DIR; };
		DA86705F2DD808C400AFBE84 /* StreamChatDemoTests.xctest */ = {isa = PBXFileReference; explicitFileType = wrapper.cfbundle; includeInIndex = 0; path = StreamChatDemoTests.xctest; sourceTree = BUILT_PRODUCTS_DIR; };
		DA8670692DD808C400AFBE84 /* StreamChatDemoUITests.xctest */ = {isa = PBXFileReference; explicitFileType = wrapper.cfbundle; includeInIndex = 0; path = StreamChatDemoUITests.xctest; sourceTree = BUILT_PRODUCTS_DIR; };
/* End PBXFileReference section */

/* Begin PBXFileSystemSynchronizedRootGroup section */
		DA8670542DD808C200AFBE84 /* StreamChatDemo */ = {
			isa = PBXFileSystemSynchronizedRootGroup;
			path = StreamChatDemo;
			sourceTree = "<group>";
		};
		DA8670622DD808C400AFBE84 /* StreamChatDemoTests */ = {
			isa = PBXFileSystemSynchronizedRootGroup;
			path = StreamChatDemoTests;
			sourceTree = "<group>";
		};
		DA86706C2DD808C400AFBE84 /* StreamChatDemoUITests */ = {
			isa = PBXFileSystemSynchronizedRootGroup;
			path = StreamChatDemoUITests;
			sourceTree = "<group>";
		};
/* End PBXFileSystemSynchronizedRootGroup section */

/* Begin PBXFrameworksBuildPhase section */
		DA86704F2DD808C200AFBE84 /* Frameworks */ = {
			isa = PBXFrameworksBuildPhase;
			buildActionMask = 2147483647;
			files = (
			);
			runOnlyForDeploymentPostprocessing = 0;
		};
		DA86705C2DD808C400AFBE84 /* Frameworks */ = {
			isa = PBXFrameworksBuildPhase;
			buildActionMask = 2147483647;
			files = (
			);
			runOnlyForDeploymentPostprocessing = 0;
		};
		DA8670662DD808C400AFBE84 /* Frameworks */ = {
			isa = PBXFrameworksBuildPhase;
			buildActionMask = 2147483647;
			files = (
			);
			runOnlyForDeploymentPostprocessing = 0;
		};
/* End PBXFrameworksBuildPhase section */

/* Begin PBXGroup section */
		DA8670492DD808C200AFBE84 = {
			isa = PBXGroup;
			children = (
				DA8670542DD808C200AFBE84 /* StreamChatDemo */,
				DA8670622DD808C400AFBE84 /* StreamChatDemoTests */,
				DA86706C2DD808C400AFBE84 /* StreamChatDemoUITests */,
				DA8670532DD808C200AFBE84 /* Products */,
			);
			sourceTree = "<group>";
		};
		DA8670532DD808C200AFBE84 /* Products */ = {
			isa = PBXGroup;
			children = (
				DA8670522DD808C200AFBE84 /* StreamChatDemo.app */,
				DA86705F2DD808C400AFBE84 /* StreamChatDemoTests.xctest */,
				DA8670692DD808C400AFBE84 /* StreamChatDemoUITests.xctest */,
			);
			name = Products;
			sourceTree = "<group>";
		};
/* End PBXGroup section */

/* Begin PBXNativeTarget section */
		DA8670512DD808C200AFBE84 /* StreamChatDemo */ = {
			isa = PBXNativeTarget;
			buildConfigurationList = DA8670732DD808C400AFBE84 /* Build configuration list for PBXNativeTarget "StreamChatDemo" */;
			buildPhases = (
				DA86704E2DD808C200AFBE84 /* Sources */,
				DA86704F2DD808C200AFBE84 /* Frameworks */,
				DA8670502DD808C200AFBE84 /* Resources */,
			);
			buildRules = (
			);
			dependencies = (
			);
			fileSystemSynchronizedGroups = (
				DA8670542DD808C200AFBE84 /* StreamChatDemo */,
			);
			name = StreamChatDemo;
			packageProductDependencies = (
			);
			productName = StreamChatDemo;
			productReference = DA8670522DD808C200AFBE84 /* StreamChatDemo.app */;
			productType = "com.apple.product-type.application";
		};
		DA86705E2DD808C400AFBE84 /* StreamChatDemoTests */ = {
			isa = PBXNativeTarget;
			buildConfigurationList = DA8670762DD808C400AFBE84 /* Build configuration list for PBXNativeTarget "StreamChatDemoTests" */;
			buildPhases = (
				DA86705B2DD808C400AFBE84 /* Sources */,
				DA86705C2DD808C400AFBE84 /* Frameworks */,
				DA86705D2DD808C400AFBE84 /* Resources */,
			);
			buildRules = (
			);
			dependencies = (
				DA8670612DD808C400AFBE84 /* PBXTargetDependency */,
			);
			fileSystemSynchronizedGroups = (
				DA8670622DD808C400AFBE84 /* StreamChatDemoTests */,
			);
			name = StreamChatDemoTests;
			packageProductDependencies = (
			);
			productName = StreamChatDemoTests;
			productReference = DA86705F2DD808C400AFBE84 /* StreamChatDemoTests.xctest */;
			productType = "com.apple.product-type.bundle.unit-test";
		};
		DA8670682DD808C400AFBE84 /* StreamChatDemoUITests */ = {
			isa = PBXNativeTarget;
			buildConfigurationList = DA8670792DD808C400AFBE84 /* Build configuration list for PBXNativeTarget "StreamChatDemoUITests" */;
			buildPhases = (
				DA8670652DD808C400AFBE84 /* Sources */,
				DA8670662DD808C400AFBE84 /* Frameworks */,
				DA8670672DD808C400AFBE84 /* Resources */,
			);
			buildRules = (
			);
			dependencies = (
				DA86706B2DD808C400AFBE84 /* PBXTargetDependency */,
			);
			fileSystemSynchronizedGroups = (
				DA86706C2DD808C400AFBE84 /* StreamChatDemoUITests */,
			);
			name = StreamChatDemoUITests;
			packageProductDependencies = (
			);
			productName = StreamChatDemoUITests;
			productReference = DA8670692DD808C400AFBE84 /* StreamChatDemoUITests.xctest */;
			productType = "com.apple.product-type.bundle.ui-testing";
		};
/* End PBXNativeTarget section */

/* Begin PBXProject section */
		DA86704A2DD808C200AFBE84 /* Project object */ = {
			isa = PBXProject;
			attributes = {
				BuildIndependentTargetsInParallel = 1;
				LastSwiftUpdateCheck = 1630;
				LastUpgradeCheck = 1630;
				TargetAttributes = {
					DA8670512DD808C200AFBE84 = {
						CreatedOnToolsVersion = 16.3;
					};
					DA86705E2DD808C400AFBE84 = {
						CreatedOnToolsVersion = 16.3;
						TestTargetID = DA8670512DD808C200AFBE84;
					};
					DA8670682DD808C400AFBE84 = {
						CreatedOnToolsVersion = 16.3;
						TestTargetID = DA8670512DD808C200AFBE84;
					};
				};
			};
			buildConfigurationList = DA86704D2DD808C200AFBE84 /* Build configuration list for PBXProject "StreamChatDemo" */;
			developmentRegion = en;
			hasScannedForEncodings = 0;
			knownRegions = (
				en,
				Base,
			);
			mainGroup = DA8670492DD808C200AFBE84;
			minimizedProjectReferenceProxies = 1;
			preferredProjectObjectVersion = 77;
			productRefGroup = DA8670532DD808C200AFBE84 /* Products */;
			projectDirPath = "";
			projectRoot = "";
			targets = (
				DA8670512DD808C200AFBE84 /* StreamChatDemo */,
				DA86705E2DD808C400AFBE84 /* StreamChatDemoTests */,
				DA8670682DD808C400AFBE84 /* StreamChatDemoUITests */,
			);
		};
/* End PBXProject section */

/* Begin PBXResourcesBuildPhase section */
		DA8670502DD808C200AFBE84 /* Resources */ = {
			isa = PBXResourcesBuildPhase;
			buildActionMask = 2147483647;
			files = (
			);
			runOnlyForDeploymentPostprocessing = 0;
		};
		DA86705D2DD808C400AFBE84 /* Resources */ = {
			isa = PBXResourcesBuildPhase;
			buildActionMask = 2147483647;
			files = (
			);
			runOnlyForDeploymentPostprocessing = 0;
		};
		DA8670672DD808C400AFBE84 /* Resources */ = {
			isa = PBXResourcesBuildPhase;
			buildActionMask = 2147483647;
			files = (
			);
			runOnlyForDeploymentPostprocessing = 0;
		};
/* End PBXResourcesBuildPhase section */

/* Begin PBXSourcesBuildPhase section */
		DA86704E2DD808C200AFBE84 /* Sources */ = {
			isa = PBXSourcesBuildPhase;
			buildActionMask = 2147483647;
			files = (
			);
			runOnlyForDeploymentPostprocessing = 0;
		};
		DA86705B2DD808C400AFBE84 /* Sources */ = {
			isa = PBXSourcesBuildPhase;
			buildActionMask = 2147483647;
			files = (
			);
			runOnlyForDeploymentPostprocessing = 0;
		};
		DA8670652DD808C400AFBE84 /* Sources */ = {
			isa = PBXSourcesBuildPhase;
			buildActionMask = 2147483647;
			files = (
			);
			runOnlyForDeploymentPostprocessing = 0;
		};
/* End PBXSourcesBuildPhase section */

/* Begin PBXTargetDependency section */
		DA8670612DD808C400AFBE84 /* PBXTargetDependency */ = {
			isa = PBXTargetDependency;
			target = DA8670512DD808C200AFBE84 /* StreamChatDemo */;
			targetProxy = DA8670602DD808C400AFBE84 /* PBXContainerItemProxy */;
		};
		DA86706B2DD808C400AFBE84 /* PBXTargetDependency */ = {
			isa = PBXTargetDependency;
			target = DA8670512DD808C200AFBE84 /* StreamChatDemo */;
			targetProxy = DA86706A2DD808C400AFBE84 /* PBXContainerItemProxy */;
		};
/* End PBXTargetDependency section */

/* Begin XCBuildConfiguration section */
		DA8670712DD808C400AFBE84 /* Debug */ = {
			isa = XCBuildConfiguration;
			buildSettings = {
				ALWAYS_SEARCH_USER_PATHS = NO;
				ASSETCATALOG_COMPILER_GENERATE_SWIFT_ASSET_SYMBOL_EXTENSIONS = YES;
				CLANG_ANALYZER_NONNULL = YES;
				CLANG_ANALYZER_NUMBER_OBJECT_CONVERSION = YES_AGGRESSIVE;
				CLANG_CXX_LANGUAGE_STANDARD = "gnu++20";
				CLANG_ENABLE_MODULES = YES;
				CLANG_ENABLE_OBJC_ARC = YES;
				CLANG_ENABLE_OBJC_WEAK = YES;
				CLANG_WARN_BLOCK_CAPTURE_AUTORELEASING = YES;
				CLANG_WARN_BOOL_CONVERSION = YES;
				CLANG_WARN_COMMA = YES;
				CLANG_WARN_CONSTANT_CONVERSION = YES;
				CLANG_WARN_DEPRECATED_OBJC_IMPLEMENTATIONS = YES;
				CLANG_WARN_DIRECT_OBJC_ISA_USAGE = YES_ERROR;
				CLANG_WARN_DOCUMENTATION_COMMENTS = YES;
				CLANG_WARN_EMPTY_BODY = YES;
				CLANG_WARN_ENUM_CONVERSION = YES;
				CLANG_WARN_INFINITE_RECURSION = YES;
				CLANG_WARN_INT_CONVERSION = YES;
				CLANG_WARN_NON_LITERAL_NULL_CONVERSION = YES;
				CLANG_WARN_OBJC_IMPLICIT_RETAIN_SELF = YES;
				CLANG_WARN_OBJC_LITERAL_CONVERSION = YES;
				CLANG_WARN_OBJC_ROOT_CLASS = YES_ERROR;
				CLANG_WARN_QUOTED_INCLUDE_IN_FRAMEWORK_HEADER = YES;
				CLANG_WARN_RANGE_LOOP_ANALYSIS = YES;
				CLANG_WARN_STRICT_PROTOTYPES = YES;
				CLANG_WARN_SUSPICIOUS_MOVE = YES;
				CLANG_WARN_UNGUARDED_AVAILABILITY = YES_AGGRESSIVE;
				CLANG_WARN_UNREACHABLE_CODE = YES;
				CLANG_WARN__DUPLICATE_METHOD_MATCH = YES;
				COPY_PHASE_STRIP = NO;
				DEBUG_INFORMATION_FORMAT = dwarf;
				ENABLE_STRICT_OBJC_MSGSEND = YES;
				ENABLE_TESTABILITY = YES;
				ENABLE_USER_SCRIPT_SANDBOXING = YES;
				GCC_C_LANGUAGE_STANDARD = gnu17;
				GCC_DYNAMIC_NO_PIC = NO;
				GCC_NO_COMMON_BLOCKS = YES;
				GCC_OPTIMIZATION_LEVEL = 0;
				GCC_PREPROCESSOR_DEFINITIONS = (
					"DEBUG=1",
					"$(inherited)",
				);
				GCC_WARN_64_TO_32_BIT_CONVERSION = YES;
				GCC_WARN_ABOUT_RETURN_TYPE = YES_ERROR;
				GCC_WARN_UNDECLARED_SELECTOR = YES;
				GCC_WARN_UNINITIALIZED_AUTOS = YES_AGGRESSIVE;
				GCC_WARN_UNUSED_FUNCTION = YES;
				GCC_WARN_UNUSED_VARIABLE = YES;
				IPHONEOS_DEPLOYMENT_TARGET = 18.4;
				LOCALIZATION_PREFERS_STRING_CATALOGS = YES;
				MTL_ENABLE_DEBUG_INFO = INCLUDE_SOURCE;
				MTL_FAST_MATH = YES;
				ONLY_ACTIVE_ARCH = YES;
				SDKROOT = iphoneos;
				SWIFT_ACTIVE_COMPILATION_CONDITIONS = "DEBUG $(inherited)";
				SWIFT_OPTIMIZATION_LEVEL = "-Onone";
			};
			name = Debug;
		};
		DA8670722DD808C400AFBE84 /* Release */ = {
			isa = XCBuildConfiguration;
			buildSettings = {
				ALWAYS_SEARCH_USER_PATHS = NO;
				ASSETCATALOG_COMPILER_GENERATE_SWIFT_ASSET_SYMBOL_EXTENSIONS = YES;
				CLANG_ANALYZER_NONNULL = YES;
				CLANG_ANALYZER_NUMBER_OBJECT_CONVERSION = YES_AGGRESSIVE;
				CLANG_CXX_LANGUAGE_STANDARD = "gnu++20";
				CLANG_ENABLE_MODULES = YES;
				CLANG_ENABLE_OBJC_ARC = YES;
				CLANG_ENABLE_OBJC_WEAK = YES;
				CLANG_WARN_BLOCK_CAPTURE_AUTORELEASING = YES;
				CLANG_WARN_BOOL_CONVERSION = YES;
				CLANG_WARN_COMMA = YES;
				CLANG_WARN_CONSTANT_CONVERSION = YES;
				CLANG_WARN_DEPRECATED_OBJC_IMPLEMENTATIONS = YES;
				CLANG_WARN_DIRECT_OBJC_ISA_USAGE = YES_ERROR;
				CLANG_WARN_DOCUMENTATION_COMMENTS = YES;
				CLANG_WARN_EMPTY_BODY = YES;
				CLANG_WARN_ENUM_CONVERSION = YES;
				CLANG_WARN_INFINITE_RECURSION = YES;
				CLANG_WARN_INT_CONVERSION = YES;
				CLANG_WARN_NON_LITERAL_NULL_CONVERSION = YES;
				CLANG_WARN_OBJC_IMPLICIT_RETAIN_SELF = YES;
				CLANG_WARN_OBJC_LITERAL_CONVERSION = YES;
				CLANG_WARN_OBJC_ROOT_CLASS = YES_ERROR;
				CLANG_WARN_QUOTED_INCLUDE_IN_FRAMEWORK_HEADER = YES;
				CLANG_WARN_RANGE_LOOP_ANALYSIS = YES;
				CLANG_WARN_STRICT_PROTOTYPES = YES;
				CLANG_WARN_SUSPICIOUS_MOVE = YES;
				CLANG_WARN_UNGUARDED_AVAILABILITY = YES_AGGRESSIVE;
				CLANG_WARN_UNREACHABLE_CODE = YES;
				CLANG_WARN__DUPLICATE_METHOD_MATCH = YES;
				COPY_PHASE_STRIP = NO;
				DEBUG_INFORMATION_FORMAT = "dwarf-with-dsym";
				ENABLE_NS_ASSERTIONS = NO;
				ENABLE_STRICT_OBJC_MSGSEND = YES;
				ENABLE_USER_SCRIPT_SANDBOXING = YES;
				GCC_C_LANGUAGE_STANDARD = gnu17;
				GCC_NO_COMMON_BLOCKS = YES;
				GCC_WARN_64_TO_32_BIT_CONVERSION = YES;
				GCC_WARN_ABOUT_RETURN_TYPE = YES_ERROR;
				GCC_WARN_UNDECLARED_SELECTOR = YES;
				GCC_WARN_UNINITIALIZED_AUTOS = YES_AGGRESSIVE;
				GCC_WARN_UNUSED_FUNCTION = YES;
				GCC_WARN_UNUSED_VARIABLE = YES;
				IPHONEOS_DEPLOYMENT_TARGET = 18.4;
				LOCALIZATION_PREFERS_STRING_CATALOGS = YES;
				MTL_ENABLE_DEBUG_INFO = NO;
				MTL_FAST_MATH = YES;
				SDKROOT = iphoneos;
				SWIFT_COMPILATION_MODE = wholemodule;
				VALIDATE_PRODUCT = YES;
			};
			name = Release;
		};
		DA8670742DD808C400AFBE84 /* Debug */ = {
			isa = XCBuildConfiguration;
			buildSettings = {
				ASSETCATALOG_COMPILER_APPICON_NAME = AppIcon;
				ASSETCATALOG_COMPILER_GLOBAL_ACCENT_COLOR_NAME = AccentColor;
				CODE_SIGN_STYLE = Automatic;
				CURRENT_PROJECT_VERSION = 1;
				ENABLE_PREVIEWS = YES;
				GENERATE_INFOPLIST_FILE = YES;
				INFOPLIST_KEY_UIApplicationSceneManifest_Generation = YES;
				INFOPLIST_KEY_UIApplicationSupportsIndirectInputEvents = YES;
				INFOPLIST_KEY_UILaunchScreen_Generation = YES;
				INFOPLIST_KEY_UISupportedInterfaceOrientations_iPad = "UIInterfaceOrientationPortrait UIInterfaceOrientationPortraitUpsideDown UIInterfaceOrientationLandscapeLeft UIInterfaceOrientationLandscapeRight";
				INFOPLIST_KEY_UISupportedInterfaceOrientations_iPhone = "UIInterfaceOrientationPortrait UIInterfaceOrientationLandscapeLeft UIInterfaceOrientationLandscapeRight";
				LD_RUNPATH_SEARCH_PATHS = (
					"$(inherited)",
					"@executable_path/Frameworks",
				);
				MARKETING_VERSION = 1.0;
				PRODUCT_BUNDLE_IDENTIFIER = HMD.StreamChatDemo;
				PRODUCT_NAME = "$(TARGET_NAME)";
				SWIFT_EMIT_LOC_STRINGS = YES;
				SWIFT_VERSION = 5.0;
				TARGETED_DEVICE_FAMILY = "1,2";
			};
			name = Debug;
		};
		DA8670752DD808C400AFBE84 /* Release */ = {
			isa = XCBuildConfiguration;
			buildSettings = {
				ASSETCATALOG_COMPILER_APPICON_NAME = AppIcon;
				ASSETCATALOG_COMPILER_GLOBAL_ACCENT_COLOR_NAME = AccentColor;
				CODE_SIGN_STYLE = Automatic;
				CURRENT_PROJECT_VERSION = 1;
				ENABLE_PREVIEWS = YES;
				GENERATE_INFOPLIST_FILE = YES;
				INFOPLIST_KEY_UIApplicationSceneManifest_Generation = YES;
				INFOPLIST_KEY_UIApplicationSupportsIndirectInputEvents = YES;
				INFOPLIST_KEY_UILaunchScreen_Generation = YES;
				INFOPLIST_KEY_UISupportedInterfaceOrientations_iPad = "UIInterfaceOrientationPortrait UIInterfaceOrientationPortraitUpsideDown UIInterfaceOrientationLandscapeLeft UIInterfaceOrientationLandscapeRight";
				INFOPLIST_KEY_UISupportedInterfaceOrientations_iPhone = "UIInterfaceOrientationPortrait UIInterfaceOrientationLandscapeLeft UIInterfaceOrientationLandscapeRight";
				LD_RUNPATH_SEARCH_PATHS = (
					"$(inherited)",
					"@executable_path/Frameworks",
				);
				MARKETING_VERSION = 1.0;
				PRODUCT_BUNDLE_IDENTIFIER = HMD.StreamChatDemo;
				PRODUCT_NAME = "$(TARGET_NAME)";
				SWIFT_EMIT_LOC_STRINGS = YES;
				SWIFT_VERSION = 5.0;
				TARGETED_DEVICE_FAMILY = "1,2";
			};
			name = Release;
		};
		DA8670772DD808C400AFBE84 /* Debug */ = {
			isa = XCBuildConfiguration;
			buildSettings = {
				BUNDLE_LOADER = "$(TEST_HOST)";
				CODE_SIGN_STYLE = Automatic;
				CURRENT_PROJECT_VERSION = 1;
				GENERATE_INFOPLIST_FILE = YES;
				IPHONEOS_DEPLOYMENT_TARGET = 18.4;
				MARKETING_VERSION = 1.0;
				PRODUCT_BUNDLE_IDENTIFIER = HMD.StreamChatDemoTests;
				PRODUCT_NAME = "$(TARGET_NAME)";
				SWIFT_EMIT_LOC_STRINGS = NO;
				SWIFT_VERSION = 5.0;
				TARGETED_DEVICE_FAMILY = "1,2";
				TEST_HOST = "$(BUILT_PRODUCTS_DIR)/StreamChatDemo.app/$(BUNDLE_EXECUTABLE_FOLDER_PATH)/StreamChatDemo";
			};
			name = Debug;
		};
		DA8670782DD808C400AFBE84 /* Release */ = {
			isa = XCBuildConfiguration;
			buildSettings = {
				BUNDLE_LOADER = "$(TEST_HOST)";
				CODE_SIGN_STYLE = Automatic;
				CURRENT_PROJECT_VERSION = 1;
				GENERATE_INFOPLIST_FILE = YES;
				IPHONEOS_DEPLOYMENT_TARGET = 18.4;
				MARKETING_VERSION = 1.0;
				PRODUCT_BUNDLE_IDENTIFIER = HMD.StreamChatDemoTests;
				PRODUCT_NAME = "$(TARGET_NAME)";
				SWIFT_EMIT_LOC_STRINGS = NO;
				SWIFT_VERSION = 5.0;
				TARGETED_DEVICE_FAMILY = "1,2";
				TEST_HOST = "$(BUILT_PRODUCTS_DIR)/StreamChatDemo.app/$(BUNDLE_EXECUTABLE_FOLDER_PATH)/StreamChatDemo";
			};
			name = Release;
		};
		DA86707A2DD808C400AFBE84 /* Debug */ = {
			isa = XCBuildConfiguration;
			buildSettings = {
				CODE_SIGN_STYLE = Automatic;
				CURRENT_PROJECT_VERSION = 1;
				GENERATE_INFOPLIST_FILE = YES;
				MARKETING_VERSION = 1.0;
				PRODUCT_BUNDLE_IDENTIFIER = HMD.StreamChatDemoUITests;
				PRODUCT_NAME = "$(TARGET_NAME)";
				SWIFT_EMIT_LOC_STRINGS = NO;
				SWIFT_VERSION = 5.0;
				TARGETED_DEVICE_FAMILY = "1,2";
				TEST_TARGET_NAME = StreamChatDemo;
			};
			name = Debug;
		};
		DA86707B2DD808C400AFBE84 /* Release */ = {
			isa = XCBuildConfiguration;
			buildSettings = {
				CODE_SIGN_STYLE = Automatic;
				CURRENT_PROJECT_VERSION = 1;
				GENERATE_INFOPLIST_FILE = YES;
				MARKETING_VERSION = 1.0;
				PRODUCT_BUNDLE_IDENTIFIER = HMD.StreamChatDemoUITests;
				PRODUCT_NAME = "$(TARGET_NAME)";
				SWIFT_EMIT_LOC_STRINGS = NO;
				SWIFT_VERSION = 5.0;
				TARGETED_DEVICE_FAMILY = "1,2";
				TEST_TARGET_NAME = StreamChatDemo;
			};
			name = Release;
		};
/* End XCBuildConfiguration section */

/* Begin XCConfigurationList section */
		DA86704D2DD808C200AFBE84 /* Build configuration list for PBXProject "StreamChatDemo" */ = {
			isa = XCConfigurationList;
			buildConfigurations = (
				DA8670712DD808C400AFBE84 /* Debug */,
				DA8670722DD808C400AFBE84 /* Release */,
			);
			defaultConfigurationIsVisible = 0;
			defaultConfigurationName = Release;
		};
		DA8670732DD808C400AFBE84 /* Build configuration list for PBXNativeTarget "StreamChatDemo" */ = {
			isa = XCConfigurationList;
			buildConfigurations = (
				DA8670742DD808C400AFBE84 /* Debug */,
				DA8670752DD808C400AFBE84 /* Release */,
			);
			defaultConfigurationIsVisible = 0;
			defaultConfigurationName = Release;
		};
		DA8670762DD808C400AFBE84 /* Build configuration list for PBXNativeTarget "StreamChatDemoTests" */ = {
			isa = XCConfigurationList;
			buildConfigurations = (
				DA8670772DD808C400AFBE84 /* Debug */,
				DA8670782DD808C400AFBE84 /* Release */,
			);
			defaultConfigurationIsVisible = 0;
			defaultConfigurationName = Release;
		};
		DA8670792DD808C400AFBE84 /* Build configuration list for PBXNativeTarget "StreamChatDemoUITests" */ = {
			isa = XCConfigurationList;
			buildConfigurations = (
				DA86707A2DD808C400AFBE84 /* Debug */,
				DA86707B2DD808C400AFBE84 /* Release */,
			);
			defaultConfigurationIsVisible = 0;
			defaultConfigurationName = Release;
		};
/* End XCConfigurationList section */
	};
	rootObject = DA86704A2DD808C200AFBE84 /* Project object */;
}
