{
  "originHash" : "a1620ad10f7ab975f71ebad0e15018916a49cf7e9fff8067e0a626370b8f4837",
  "pins" : [
    {
      "identity" : "stream-chat-swift",
      "kind" : "remoteSourceControl",
      "location" : "https://github.com/GetStream/stream-chat-swift",
      "state" : {
        "revision" : "d5c8f05d769e19e37c7b8f5008a19f5ad74a4f57",
        "version" : "4.78.0"
      }
    }
  ],
  "version" : 3
}
